
Microsoft Visual Studio Solution File, Format Version 12.00
# Visual Studio Version 16
VisualStudioVersion = 16.0.33927.289
MinimumVisualStudioVersion = 10.0.40219.1
Project("{2150E333-8FDC-42A3-9474-1A3956D46DE8}") = "Task0", "Task0", "{6190A278-A1AA-4E00-9FD6-FFD9DD1F9340}"
EndProject
Project("{FAE04EC0-301F-11D3-BF4B-00C04F79EFBC}") = "Tyuiu.IvanovJD.Sprint2.Task0.V5", "Tyuiu.IvanovJD.Sprint2.Task0.V5\Tyuiu.IvanovJD.Sprint2.Task0.V5.csproj", "{11D27AF3-705E-49BA-ABE9-5AF2FE7CBAFB}"
EndProject
Project("{FAE04EC0-301F-11D3-BF4B-00C04F79EFBC}") = "Tyuiu.IvanovJD.Sprint2.Task0.V5.Test", "Tyuiu.IvanovJD.Sprint2.Task0.V5.Test\Tyuiu.IvanovJD.Sprint2.Task0.V5.Test.csproj", "{191D8E86-038D-4E16-AB98-46BA2197FB9B}"
EndProject
Project("{FAE04EC0-301F-11D3-BF4B-00C04F79EFBC}") = "Tyuiu.IvanovJD.Sprint2.Task0.V5.Lib", "Tyuiu.IvanovJD.Sprint2.Task0.V5.Lib\Tyuiu.IvanovJD.Sprint2.Task0.V5.Lib.csproj", "{356CF455-171F-4FC4-9F6B-B9CB1B83727B}"
EndProject
Project("{2150E333-8FDC-42A3-9474-1A3956D46DE8}") = "Task1", "Task1", "{BD1EF7C2-94FF-4F33-B3D4-03F423427338}"
EndProject
Project("{FAE04EC0-301F-11D3-BF4B-00C04F79EFBC}") = "Tyuiu.IvanovJD.Sprint2.Task1.V6", "Tyuiu.IvanovJD.Sprint2.Task1.V6\Tyuiu.IvanovJD.Sprint2.Task1.V6.csproj", "{E56312EA-146F-4C86-B9D3-BC2D18838AF6}"
EndProject
Project("{FAE04EC0-301F-11D3-BF4B-00C04F79EFBC}") = "Tyuiu.IvanovJD.Sprint2.Task1.V6.Lib", "Tyuiu.IvanovJD.Sprint2.Task1.V6.Lib\Tyuiu.IvanovJD.Sprint2.Task1.V6.Lib.csproj", "{1F460590-BC76-4646-88AC-3B4CB6CC5728}"
EndProject
Project("{FAE04EC0-301F-11D3-BF4B-00C04F79EFBC}") = "Tyuiu.IvanovJD.Sprint2.Task1.V6.Test", "Tyuiu.IvanovJD.Sprint2.Task1.V6.Test\Tyuiu.IvanovJD.Sprint2.Task1.V6.Test.csproj", "{D206C1F7-AE79-48A4-AA9D-5446B069C1CA}"
EndProject
Project("{2150E333-8FDC-42A3-9474-1A3956D46DE8}") = "NewFolder1", "NewFolder1", "{89F7305B-85A6-471F-ABF1-1719CED1E000}"
EndProject
Project("{FAE04EC0-301F-11D3-BF4B-00C04F79EFBC}") = "Tyuiu.IvanovJD.Sprint2.Task2.V29", "Tyuiu.IvanovJD.Sprint2.Task2.V29\Tyuiu.IvanovJD.Sprint2.Task2.V29.csproj", "{3BCC19BB-D030-42DE-8BF7-F00B04EBE9D9}"
EndProject
Project("{FAE04EC0-301F-11D3-BF4B-00C04F79EFBC}") = "Tyuiu.IvanovJD.Sprint2.Task2.V29.Test", "Tyuiu.IvanovJD.Sprint2.Task2.V29.Test\Tyuiu.IvanovJD.Sprint2.Task2.V29.Test.csproj", "{BBA13B59-599E-476E-B8BC-21C4764B3C0E}"
EndProject
Project("{FAE04EC0-301F-11D3-BF4B-00C04F79EFBC}") = "Tyuiu.IvanovJD.Sprint2.Task2.V29.Lib", "Tyuiu.IvanovJD.Sprint2.Task2.V29.Lib\Tyuiu.IvanovJD.Sprint2.Task2.V29.Lib.csproj", "{3243760E-5280-49F3-9E21-149EA3FF4AC8}"
EndProject
Project("{2150E333-8FDC-42A3-9474-1A3956D46DE8}") = "NewFolder2", "NewFolder2", "{A59922DB-F86E-4426-84DD-DCC8A721FC47}"
EndProject
Project("{FAE04EC0-301F-11D3-BF4B-00C04F79EFBC}") = "Tyuiu.IvanovJD.Sprint2.Task3.V16", "Tyuiu.IvanovJD.Sprint2.Task3.V16\Tyuiu.IvanovJD.Sprint2.Task3.V16.csproj", "{3A752066-F4EF-4202-A1E3-992500815C91}"
EndProject
Project("{FAE04EC0-301F-11D3-BF4B-00C04F79EFBC}") = "Tyuiu.IvanovJD.Sprint2.Task3.V16.Lib", "Tyuiu.IvanovJD.Sprint2.Task3.V16.Lib\Tyuiu.IvanovJD.Sprint2.Task3.V16.Lib.csproj", "{0422ACAF-1B30-4349-90AF-0D9165B342BD}"
EndProject
Project("{FAE04EC0-301F-11D3-BF4B-00C04F79EFBC}") = "Tyuiu.IvanovJD.Sprint2.Task3.V16.Test", "Tyuiu.IvanovJD.Sprint2.Task3.V16.Test\Tyuiu.IvanovJD.Sprint2.Task3.V16.Test.csproj", "{7EB5CE92-30B8-48A6-A7E1-64069D7B19C2}"
EndProject
Project("{2150E333-8FDC-42A3-9474-1A3956D46DE8}") = "NewFolder3", "NewFolder3", "{0540D2C2-29B2-4EC5-848F-1DD12805D9D9}"
EndProject
Project("{FAE04EC0-301F-11D3-BF4B-00C04F79EFBC}") = "Tyuiu.IvanovJD.Sprint2.Task4.V16", "Tyuiu.IvanovJD.Sprint2.Task4.V16\Tyuiu.IvanovJD.Sprint2.Task4.V16.csproj", "{31583151-E207-449D-8D1C-498105B97BB0}"
EndProject
Project("{FAE04EC0-301F-11D3-BF4B-00C04F79EFBC}") = "Tyuiu.IvanovJD.Sprint2.Task4.V16.Test", "Tyuiu.IvanovJD.Sprint2.Task4.V16.Test\Tyuiu.IvanovJD.Sprint2.Task4.V16.Test.csproj", "{B65A41F6-6542-42BD-AE8F-0E83CBCF8DB2}"
EndProject
Project("{FAE04EC0-301F-11D3-BF4B-00C04F79EFBC}") = "Tyuiu.IvanovJD.Sprint2.Task4.V16.Lib", "Tyuiu.IvanovJD.Sprint2.Task4.V16.Lib\Tyuiu.IvanovJD.Sprint2.Task4.V16.Lib.csproj", "{DBCA1C6A-15CA-4464-829D-F869EB174792}"
EndProject
Global
	GlobalSection(SolutionConfigurationPlatforms) = preSolution
		Debug|Any CPU = Debug|Any CPU
		Release|Any CPU = Release|Any CPU
	EndGlobalSection
	GlobalSection(ProjectConfigurationPlatforms) = postSolution
		{11D27AF3-705E-49BA-ABE9-5AF2FE7CBAFB}.Debug|Any CPU.ActiveCfg = Debug|Any CPU
		{11D27AF3-705E-49BA-ABE9-5AF2FE7CBAFB}.Debug|Any CPU.Build.0 = Debug|Any CPU
		{11D27AF3-705E-49BA-ABE9-5AF2FE7CBAFB}.Release|Any CPU.ActiveCfg = Release|Any CPU
		{11D27AF3-705E-49BA-ABE9-5AF2FE7CBAFB}.Release|Any CPU.Build.0 = Release|Any CPU
		{191D8E86-038D-4E16-AB98-46BA2197FB9B}.Debug|Any CPU.ActiveCfg = Debug|Any CPU
		{191D8E86-038D-4E16-AB98-46BA2197FB9B}.Debug|Any CPU.Build.0 = Debug|Any CPU
		{191D8E86-038D-4E16-AB98-46BA2197FB9B}.Release|Any CPU.ActiveCfg = Release|Any CPU
		{191D8E86-038D-4E16-AB98-46BA2197FB9B}.Release|Any CPU.Build.0 = Release|Any CPU
		{356CF455-171F-4FC4-9F6B-B9CB1B83727B}.Debug|Any CPU.ActiveCfg = Debug|Any CPU
		{356CF455-171F-4FC4-9F6B-B9CB1B83727B}.Debug|Any CPU.Build.0 = Debug|Any CPU
		{356CF455-171F-4FC4-9F6B-B9CB1B83727B}.Release|Any CPU.ActiveCfg = Release|Any CPU
		{356CF455-171F-4FC4-9F6B-B9CB1B83727B}.Release|Any CPU.Build.0 = Release|Any CPU
		{E56312EA-146F-4C86-B9D3-BC2D18838AF6}.Debug|Any CPU.ActiveCfg = Debug|Any CPU
		{E56312EA-146F-4C86-B9D3-BC2D18838AF6}.Debug|Any CPU.Build.0 = Debug|Any CPU
		{E56312EA-146F-4C86-B9D3-BC2D18838AF6}.Release|Any CPU.ActiveCfg = Release|Any CPU
		{E56312EA-146F-4C86-B9D3-BC2D18838AF6}.Release|Any CPU.Build.0 = Release|Any CPU
		{1F460590-BC76-4646-88AC-3B4CB6CC5728}.Debug|Any CPU.ActiveCfg = Debug|Any CPU
		{1F460590-BC76-4646-88AC-3B4CB6CC5728}.Debug|Any CPU.Build.0 = Debug|Any CPU
		{1F460590-BC76-4646-88AC-3B4CB6CC5728}.Release|Any CPU.ActiveCfg = Release|Any CPU
		{1F460590-BC76-4646-88AC-3B4CB6CC5728}.Release|Any CPU.Build.0 = Release|Any CPU
		{D206C1F7-AE79-48A4-AA9D-5446B069C1CA}.Debug|Any CPU.ActiveCfg = Debug|Any CPU
		{D206C1F7-AE79-48A4-AA9D-5446B069C1CA}.Debug|Any CPU.Build.0 = Debug|Any CPU
		{D206C1F7-AE79-48A4-AA9D-5446B069C1CA}.Release|Any CPU.ActiveCfg = Release|Any CPU
		{D206C1F7-AE79-48A4-AA9D-5446B069C1CA}.Release|Any CPU.Build.0 = Release|Any CPU
		{3BCC19BB-D030-42DE-8BF7-F00B04EBE9D9}.Debug|Any CPU.ActiveCfg = Debug|Any CPU
		{3BCC19BB-D030-42DE-8BF7-F00B04EBE9D9}.Debug|Any CPU.Build.0 = Debug|Any CPU
		{3BCC19BB-D030-42DE-8BF7-F00B04EBE9D9}.Release|Any CPU.ActiveCfg = Release|Any CPU
		{3BCC19BB-D030-42DE-8BF7-F00B04EBE9D9}.Release|Any CPU.Build.0 = Release|Any CPU
		{BBA13B59-599E-476E-B8BC-21C4764B3C0E}.Debug|Any CPU.ActiveCfg = Debug|Any CPU
		{BBA13B59-599E-476E-B8BC-21C4764B3C0E}.Debug|Any CPU.Build.0 = Debug|Any CPU
		{BBA13B59-599E-476E-B8BC-21C4764B3C0E}.Release|Any CPU.ActiveCfg = Release|Any CPU
		{BBA13B59-599E-476E-B8BC-21C4764B3C0E}.Release|Any CPU.Build.0 = Release|Any CPU
		{3243760E-5280-49F3-9E21-149EA3FF4AC8}.Debug|Any CPU.ActiveCfg = Debug|Any CPU
		{3243760E-5280-49F3-9E21-149EA3FF4AC8}.Debug|Any CPU.Build.0 = Debug|Any CPU
		{3243760E-5280-49F3-9E21-149EA3FF4AC8}.Release|Any CPU.ActiveCfg = Release|Any CPU
		{3243760E-5280-49F3-9E21-149EA3FF4AC8}.Release|Any CPU.Build.0 = Release|Any CPU
		{3A752066-F4EF-4202-A1E3-992500815C91}.Debug|Any CPU.ActiveCfg = Debug|Any CPU
		{3A752066-F4EF-4202-A1E3-992500815C91}.Debug|Any CPU.Build.0 = Debug|Any CPU
		{3A752066-F4EF-4202-A1E3-992500815C91}.Release|Any CPU.ActiveCfg = Release|Any CPU
		{3A752066-F4EF-4202-A1E3-992500815C91}.Release|Any CPU.Build.0 = Release|Any CPU
		{0422ACAF-1B30-4349-90AF-0D9165B342BD}.Debug|Any CPU.ActiveCfg = Debug|Any CPU
		{0422ACAF-1B30-4349-90AF-0D9165B342BD}.Debug|Any CPU.Build.0 = Debug|Any CPU
		{0422ACAF-1B30-4349-90AF-0D9165B342BD}.Release|Any CPU.ActiveCfg = Release|Any CPU
		{0422ACAF-1B30-4349-90AF-0D9165B342BD}.Release|Any CPU.Build.0 = Release|Any CPU
		{7EB5CE92-30B8-48A6-A7E1-64069D7B19C2}.Debug|Any CPU.ActiveCfg = Debug|Any CPU
		{7EB5CE92-30B8-48A6-A7E1-64069D7B19C2}.Debug|Any CPU.Build.0 = Debug|Any CPU
		{7EB5CE92-30B8-48A6-A7E1-64069D7B19C2}.Release|Any CPU.ActiveCfg = Release|Any CPU
		{7EB5CE92-30B8-48A6-A7E1-64069D7B19C2}.Release|Any CPU.Build.0 = Release|Any CPU
		{31583151-E207-449D-8D1C-498105B97BB0}.Debug|Any CPU.ActiveCfg = Debug|Any CPU
		{31583151-E207-449D-8D1C-498105B97BB0}.Debug|Any CPU.Build.0 = Debug|Any CPU
		{31583151-E207-449D-8D1C-498105B97BB0}.Release|Any CPU.ActiveCfg = Release|Any CPU
		{31583151-E207-449D-8D1C-498105B97BB0}.Release|Any CPU.Build.0 = Release|Any CPU
		{B65A41F6-6542-42BD-AE8F-0E83CBCF8DB2}.Debug|Any CPU.ActiveCfg = Debug|Any CPU
		{B65A41F6-6542-42BD-AE8F-0E83CBCF8DB2}.Debug|Any CPU.Build.0 = Debug|Any CPU
		{B65A41F6-6542-42BD-AE8F-0E83CBCF8DB2}.Release|Any CPU.ActiveCfg = Release|Any CPU
		{B65A41F6-6542-42BD-AE8F-0E83CBCF8DB2}.Release|Any CPU.Build.0 = Release|Any CPU
		{DBCA1C6A-15CA-4464-829D-F869EB174792}.Debug|Any CPU.ActiveCfg = Debug|Any CPU
		{DBCA1C6A-15CA-4464-829D-F869EB174792}.Debug|Any CPU.Build.0 = Debug|Any CPU
		{DBCA1C6A-15CA-4464-829D-F869EB174792}.Release|Any CPU.ActiveCfg = Release|Any CPU
		{DBCA1C6A-15CA-4464-829D-F869EB174792}.Release|Any CPU.Build.0 = Release|Any CPU
	EndGlobalSection
	GlobalSection(SolutionProperties) = preSolution
		HideSolutionNode = FALSE
	EndGlobalSection
	GlobalSection(NestedProjects) = preSolution
		{11D27AF3-705E-49BA-ABE9-5AF2FE7CBAFB} = {6190A278-A1AA-4E00-9FD6-FFD9DD1F9340}
		{191D8E86-038D-4E16-AB98-46BA2197FB9B} = {6190A278-A1AA-4E00-9FD6-FFD9DD1F9340}
		{356CF455-171F-4FC4-9F6B-B9CB1B83727B} = {6190A278-A1AA-4E00-9FD6-FFD9DD1F9340}
		{E56312EA-146F-4C86-B9D3-BC2D18838AF6} = {BD1EF7C2-94FF-4F33-B3D4-03F423427338}
		{1F460590-BC76-4646-88AC-3B4CB6CC5728} = {BD1EF7C2-94FF-4F33-B3D4-03F423427338}
		{D206C1F7-AE79-48A4-AA9D-5446B069C1CA} = {BD1EF7C2-94FF-4F33-B3D4-03F423427338}
		{3BCC19BB-D030-42DE-8BF7-F00B04EBE9D9} = {89F7305B-85A6-471F-ABF1-1719CED1E000}
		{BBA13B59-599E-476E-B8BC-21C4764B3C0E} = {89F7305B-85A6-471F-ABF1-1719CED1E000}
		{3243760E-5280-49F3-9E21-149EA3FF4AC8} = {89F7305B-85A6-471F-ABF1-1719CED1E000}
		{3A752066-F4EF-4202-A1E3-992500815C91} = {A59922DB-F86E-4426-84DD-DCC8A721FC47}
		{0422ACAF-1B30-4349-90AF-0D9165B342BD} = {A59922DB-F86E-4426-84DD-DCC8A721FC47}
		{7EB5CE92-30B8-48A6-A7E1-64069D7B19C2} = {A59922DB-F86E-4426-84DD-DCC8A721FC47}
		{31583151-E207-449D-8D1C-498105B97BB0} = {0540D2C2-29B2-4EC5-848F-1DD12805D9D9}
		{B65A41F6-6542-42BD-AE8F-0E83CBCF8DB2} = {0540D2C2-29B2-4EC5-848F-1DD12805D9D9}
		{DBCA1C6A-15CA-4464-829D-F869EB174792} = {0540D2C2-29B2-4EC5-848F-1DD12805D9D9}
	EndGlobalSection
	GlobalSection(ExtensibilityGlobals) = postSolution
		SolutionGuid = {B284EA0A-645A-41B0-A8A2-84FF3A18188C}
	EndGlobalSection
EndGlobal
