
Microsoft Visual Studio Solution File, Format Version 12.00
# Visual Studio Version 16
VisualStudioVersion = 16.0.33927.289
MinimumVisualStudioVersion = 10.0.40219.1
Project("{2150E333-8FDC-42A3-9474-1A3956D46DE8}") = "Task0", "Task0", "{6190A278-A1AA-4E00-9FD6-FFD9DD1F9340}"
EndProject
Project("{FAE04EC0-301F-11D3-BF4B-00C04F79EFBC}") = "Tyuiu.IvanovJD.Sprint2.Task0.V5", "Tyuiu.IvanovJD.Sprint2.Task0.V5\Tyuiu.IvanovJD.Sprint2.Task0.V5.csproj", "{11D27AF3-705E-49BA-ABE9-5AF2FE7CBAFB}"
EndProject
Project("{FAE04EC0-301F-11D3-BF4B-00C04F79EFBC}") = "Tyuiu.IvanovJD.Sprint2.Task0.V5.Test", "Tyuiu.IvanovJD.Sprint2.Task0.V5.Test\Tyuiu.IvanovJD.Sprint2.Task0.V5.Test.csproj", "{191D8E86-038D-4E16-AB98-46BA2197FB9B}"
EndProject
Project("{FAE04EC0-301F-11D3-BF4B-00C04F79EFBC}") = "Tyuiu.IvanovJD.Sprint2.Task0.V5.Lib", "Tyuiu.IvanovJD.Sprint2.Task0.V5.Lib\Tyuiu.IvanovJD.Sprint2.Task0.V5.Lib.csproj", "{356CF455-171F-4FC4-9F6B-B9CB1B83727B}"
EndProject
Global
	GlobalSection(SolutionConfigurationPlatforms) = preSolution
		Debug|Any CPU = Debug|Any CPU
		Release|Any CPU = Release|Any CPU
	EndGlobalSection
	GlobalSection(ProjectConfigurationPlatforms) = postSolution
		{11D27AF3-705E-49BA-ABE9-5AF2FE7CBAFB}.Debug|Any CPU.ActiveCfg = Debug|Any CPU
		{11D27AF3-705E-49BA-ABE9-5AF2FE7CBAFB}.Debug|Any CPU.Build.0 = Debug|Any CPU
		{11D27AF3-705E-49BA-ABE9-5AF2FE7CBAFB}.Release|Any CPU.ActiveCfg = Release|Any CPU
		{11D27AF3-705E-49BA-ABE9-5AF2FE7CBAFB}.Release|Any CPU.Build.0 = Release|Any CPU
		{191D8E86-038D-4E16-AB98-46BA2197FB9B}.Debug|Any CPU.ActiveCfg = Debug|Any CPU
		{191D8E86-038D-4E16-AB98-46BA2197FB9B}.Debug|Any CPU.Build.0 = Debug|Any CPU
		{191D8E86-038D-4E16-AB98-46BA2197FB9B}.Release|Any CPU.ActiveCfg = Release|Any CPU
		{191D8E86-038D-4E16-AB98-46BA2197FB9B}.Release|Any CPU.Build.0 = Release|Any CPU
		{356CF455-171F-4FC4-9F6B-B9CB1B83727B}.Debug|Any CPU.ActiveCfg = Debug|Any CPU
		{356CF455-171F-4FC4-9F6B-B9CB1B83727B}.Debug|Any CPU.Build.0 = Debug|Any CPU
		{356CF455-171F-4FC4-9F6B-B9CB1B83727B}.Release|Any CPU.ActiveCfg = Release|Any CPU
		{356CF455-171F-4FC4-9F6B-B9CB1B83727B}.Release|Any CPU.Build.0 = Release|Any CPU
	EndGlobalSection
	GlobalSection(SolutionProperties) = preSolution
		HideSolutionNode = FALSE
	EndGlobalSection
	GlobalSection(NestedProjects) = preSolution
		{11D27AF3-705E-49BA-ABE9-5AF2FE7CBAFB} = {6190A278-A1AA-4E00-9FD6-FFD9DD1F9340}
		{191D8E86-038D-4E16-AB98-46BA2197FB9B} = {6190A278-A1AA-4E00-9FD6-FFD9DD1F9340}
		{356CF455-171F-4FC4-9F6B-B9CB1B83727B} = {6190A278-A1AA-4E00-9FD6-FFD9DD1F9340}
	EndGlobalSection
	GlobalSection(ExtensibilityGlobals) = postSolution
		SolutionGuid = {B284EA0A-645A-41B0-A8A2-84FF3A18188C}
	EndGlobalSection
EndGlobal
